
Microsoft Visual Studio Solution File, Format Version 12.00
Project("{FAE04EC0-301F-11D3-BF4B-00C04F79EFBC}") = "SerializerV2", "SerializerV2\SerializerV2.csproj", "{72AEC6E3-8385-4592-B2AC-822E1387C750}"
EndProject
Global
	GlobalSection(SolutionConfigurationPlatforms) = preSolution
		Debug|Any CPU = Debug|Any CPU
		Release|Any CPU = Release|Any CPU
	EndGlobalSection
	GlobalSection(ProjectConfigurationPlatforms) = postSolution
		{72AEC6E3-8385-4592-B2AC-822E1387C750}.Debug|Any CPU.ActiveCfg = Debug|Any CPU
		{72AEC6E3-8385-4592-B2AC-822E1387C750}.Debug|Any CPU.Build.0 = Debug|Any CPU
		{72AEC6E3-8385-4592-B2AC-822E1387C750}.Release|Any CPU.ActiveCfg = Release|Any CPU
		{72AEC6E3-8385-4592-B2AC-822E1387C750}.Release|Any CPU.Build.0 = Release|Any CPU
	EndGlobalSection
EndGlobal
